
Microsoft Visual Studio Solution File, Format Version 12.00
# Visual Studio Version 16
VisualStudioVersion = 16.0.30128.74
MinimumVisualStudioVersion = 10.0.40219.1
Project("{8BC9CEB8-8B4A-11D0-8D11-00A0C91BC942}") = "Exercises", "Exercises\Exercises.vcxproj", "{7B417802-ABD8-4440-951E-69EA58BF7CED}"
EndProject
Global
	GlobalSection(SolutionConfigurationPlatforms) = preSolution
		Debug|x64 = Debug|x64
		Debug|x86 = Debug|x86
		Release|x64 = Release|x64
		Release|x86 = Release|x86
	EndGlobalSection
	GlobalSection(ProjectConfigurationPlatforms) = postSolution
		{7B417802-ABD8-4440-951E-69EA58BF7CED}.Debug|x64.ActiveCfg = Debug|x64
		{7B417802-ABD8-4440-951E-69EA58BF7CED}.Debug|x64.Build.0 = Debug|x64
		{7B417802-ABD8-4440-951E-69EA58BF7CED}.Debug|x86.ActiveCfg = Debug|Win32
		{7B417802-ABD8-4440-951E-69EA58BF7CED}.Debug|x86.Build.0 = Debug|Win32
		{7B417802-ABD8-4440-951E-69EA58BF7CED}.Release|x64.ActiveCfg = Release|x64
		{7B417802-ABD8-4440-951E-69EA58BF7CED}.Release|x64.Build.0 = Release|x64
		{7B417802-ABD8-4440-951E-69EA58BF7CED}.Release|x86.ActiveCfg = Release|Win32
		{7B417802-ABD8-4440-951E-69EA58BF7CED}.Release|x86.Build.0 = Release|Win32
	EndGlobalSection
	GlobalSection(SolutionProperties) = preSolution
		HideSolutionNode = FALSE
	EndGlobalSection
	GlobalSection(ExtensibilityGlobals) = postSolution
		SolutionGuid = {438356AA-B0DE-4475-9CA2-B706DAA58B7D}
	EndGlobalSection
EndGlobal
